
Microsoft Visual Studio Solution File, Format Version 12.00
# Visual Studio Version 17
VisualStudioVersion = 17.5.002.0
MinimumVisualStudioVersion = 10.0.40219.1
Project("{2150E333-8FDC-42A3-9474-1A3956D46DE8}") = "src", "src", "{288DBA8B-D2E5-4E76-80BF-5C9ABCBFE1A5}"
EndProject
Project("{9A19103F-16F7-4668-BE54-9A1E7A4F7556}") = "data.structures.console", "src\data.structures.console\data.structures.console.csproj", "{4B2A947D-869C-4D16-8B07-B30F2A4C98ED}"
EndProject
Global
	GlobalSection(SolutionConfigurationPlatforms) = preSolution
		Debug|Any CPU = Debug|Any CPU
		Release|Any CPU = Release|Any CPU
	EndGlobalSection
	GlobalSection(ProjectConfigurationPlatforms) = postSolution
		{4B2A947D-869C-4D16-8B07-B30F2A4C98ED}.Debug|Any CPU.ActiveCfg = Debug|Any CPU
		{4B2A947D-869C-4D16-8B07-B30F2A4C98ED}.Debug|Any CPU.Build.0 = Debug|Any CPU
		{4B2A947D-869C-4D16-8B07-B30F2A4C98ED}.Release|Any CPU.ActiveCfg = Release|Any CPU
		{4B2A947D-869C-4D16-8B07-B30F2A4C98ED}.Release|Any CPU.Build.0 = Release|Any CPU
	EndGlobalSection
	GlobalSection(SolutionProperties) = preSolution
		HideSolutionNode = FALSE
	EndGlobalSection
	GlobalSection(NestedProjects) = preSolution
		{4B2A947D-869C-4D16-8B07-B30F2A4C98ED} = {288DBA8B-D2E5-4E76-80BF-5C9ABCBFE1A5}
	EndGlobalSection
	GlobalSection(ExtensibilityGlobals) = postSolution
		SolutionGuid = {52BCCC68-654A-44D4-A34C-1FE0D4EC0313}
	EndGlobalSection
EndGlobal
